
Microsoft Visual Studio Solution File, Format Version 12.00
# Visual Studio 15
VisualStudioVersion = 15.0.27130.2003
MinimumVisualStudioVersion = 10.0.40219.1
Project("{FAE04EC0-301F-11D3-BF4B-00C04F79EFBC}") = "ThreeInOne", "ThreeInOne\ThreeInOne.csproj", "{0D4E8590-9CDB-4731-BADC-B8B96B97CCCD}"
EndProject
Project("{FAE04EC0-301F-11D3-BF4B-00C04F79EFBC}") = "BootstrapWpfStyle", "bootstrap-wpf-style-master\BootstrapWpfStyle\BootstrapWpfStyle.csproj", "{1C0F2E8B-E47B-4581-9D0A-A90BD88D204E}"
EndProject
Global
	GlobalSection(SolutionConfigurationPlatforms) = preSolution
		Debug|Any CPU = Debug|Any CPU
		Release|Any CPU = Release|Any CPU
	EndGlobalSection
	GlobalSection(ProjectConfigurationPlatforms) = postSolution
		{0D4E8590-9CDB-4731-BADC-B8B96B97CCCD}.Debug|Any CPU.ActiveCfg = Debug|Any CPU
		{0D4E8590-9CDB-4731-BADC-B8B96B97CCCD}.Debug|Any CPU.Build.0 = Debug|Any CPU
		{0D4E8590-9CDB-4731-BADC-B8B96B97CCCD}.Release|Any CPU.ActiveCfg = Release|Any CPU
		{0D4E8590-9CDB-4731-BADC-B8B96B97CCCD}.Release|Any CPU.Build.0 = Release|Any CPU
		{1C0F2E8B-E47B-4581-9D0A-A90BD88D204E}.Debug|Any CPU.ActiveCfg = Debug|Any CPU
		{1C0F2E8B-E47B-4581-9D0A-A90BD88D204E}.Debug|Any CPU.Build.0 = Debug|Any CPU
		{1C0F2E8B-E47B-4581-9D0A-A90BD88D204E}.Release|Any CPU.ActiveCfg = Release|Any CPU
		{1C0F2E8B-E47B-4581-9D0A-A90BD88D204E}.Release|Any CPU.Build.0 = Release|Any CPU
	EndGlobalSection
	GlobalSection(SolutionProperties) = preSolution
		HideSolutionNode = FALSE
	EndGlobalSection
	GlobalSection(ExtensibilityGlobals) = postSolution
		SolutionGuid = {340147F0-675A-48C9-8C7B-7D4B0A769AB3}
	EndGlobalSection
EndGlobal
